
Microsoft Visual Studio Solution File, Format Version 12.00
# Visual Studio 15
VisualStudioVersion = 15.0.28010.2046
MinimumVisualStudioVersion = 10.0.40219.1
Project("{FAE04EC0-301F-11D3-BF4B-00C04F79EFBC}") = "CG-task6", "CG-task6\CG-task6.csproj", "{73AE1E6E-BA28-428D-82C5-A1F3B5175138}"
EndProject
Project("{FAE04EC0-301F-11D3-BF4B-00C04F79EFBC}") = "FunctionDrawLib", "FunctionDrawLib\FunctionDrawLib.csproj", "{4A61ECE0-B021-4670-8B77-BAC863AC3F51}"
EndProject
Global
	GlobalSection(SolutionConfigurationPlatforms) = preSolution
		Debug|Any CPU = Debug|Any CPU
		Release|Any CPU = Release|Any CPU
	EndGlobalSection
	GlobalSection(ProjectConfigurationPlatforms) = postSolution
		{73AE1E6E-BA28-428D-82C5-A1F3B5175138}.Debug|Any CPU.ActiveCfg = Debug|Any CPU
		{73AE1E6E-BA28-428D-82C5-A1F3B5175138}.Debug|Any CPU.Build.0 = Debug|Any CPU
		{73AE1E6E-BA28-428D-82C5-A1F3B5175138}.Release|Any CPU.ActiveCfg = Release|Any CPU
		{73AE1E6E-BA28-428D-82C5-A1F3B5175138}.Release|Any CPU.Build.0 = Release|Any CPU
		{4A61ECE0-B021-4670-8B77-BAC863AC3F51}.Debug|Any CPU.ActiveCfg = Debug|Any CPU
		{4A61ECE0-B021-4670-8B77-BAC863AC3F51}.Debug|Any CPU.Build.0 = Debug|Any CPU
		{4A61ECE0-B021-4670-8B77-BAC863AC3F51}.Release|Any CPU.ActiveCfg = Release|Any CPU
		{4A61ECE0-B021-4670-8B77-BAC863AC3F51}.Release|Any CPU.Build.0 = Release|Any CPU
	EndGlobalSection
	GlobalSection(SolutionProperties) = preSolution
		HideSolutionNode = FALSE
	EndGlobalSection
	GlobalSection(ExtensibilityGlobals) = postSolution
		SolutionGuid = {96919598-A444-4C35-8371-19E0C26B5E06}
	EndGlobalSection
EndGlobal
